
Microsoft Visual Studio Solution File, Format Version 12.00
# Visual Studio Version 16
VisualStudioVersion = 16.0.32228.343
MinimumVisualStudioVersion = 10.0.40219.1
Project("{FAE04EC0-301F-11D3-BF4B-00C04F79EFBC}") = "WebAPIOld", "WebAPIOld.csproj", "{22E848CE-0CFB-4351-8806-1ABBE77EEEBC}"
EndProject
Global
	GlobalSection(SolutionConfigurationPlatforms) = preSolution
		Debug|Any CPU = Debug|Any CPU
		Release|Any CPU = Release|Any CPU
	EndGlobalSection
	GlobalSection(ProjectConfigurationPlatforms) = postSolution
		{22E848CE-0CFB-4351-8806-1ABBE77EEEBC}.Debug|Any CPU.ActiveCfg = Debug|Any CPU
		{22E848CE-0CFB-4351-8806-1ABBE77EEEBC}.Debug|Any CPU.Build.0 = Debug|Any CPU
		{22E848CE-0CFB-4351-8806-1ABBE77EEEBC}.Release|Any CPU.ActiveCfg = Release|Any CPU
		{22E848CE-0CFB-4351-8806-1ABBE77EEEBC}.Release|Any CPU.Build.0 = Release|Any CPU
	EndGlobalSection
	GlobalSection(SolutionProperties) = preSolution
		HideSolutionNode = FALSE
	EndGlobalSection
	GlobalSection(ExtensibilityGlobals) = postSolution
		SolutionGuid = {2B402EB9-1ADD-4EFE-AEFB-644FA1923B9C}
	EndGlobalSection
EndGlobal
